
Microsoft Visual Studio Solution File, Format Version 10.00
# Visual Studio 2008
Project("{FAE04EC0-301F-11D3-BF4B-00C04F79EFBC}") = "NGnono.DesignPatterns.StrategyPattern", "NGnono.DesignPatterns.StrategyPattern\NGnono.DesignPatterns.StrategyPattern.csproj", "{BC6A8607-F6B3-495E-A21A-F92E620BABD8}"
EndProject
Project("{FAE04EC0-301F-11D3-BF4B-00C04F79EFBC}") = "NGnono.DesignPatterns.Examples", "NGnono.DesignPatterns.Examples\NGnono.DesignPatterns.Examples.csproj", "{F01196A4-4ECA-42D0-B745-81B43BC20B73}"
EndProject
Project("{2150E333-8FDC-42A3-9474-1A3956D46DE8}") = "document", "document", "{CEDAAB84-D742-41BE-8BCC-2625BFFE4CA2}"
	ProjectSection(SolutionItems) = preProject
		设计模式.docx = 设计模式.docx
	EndProjectSection
EndProject
Project("{2150E333-8FDC-42A3-9474-1A3956D46DE8}") = "src", "src", "{678327DC-59FF-49C4-99A8-8A186DF17F17}"
EndProject
Project("{2150E333-8FDC-42A3-9474-1A3956D46DE8}") = "test", "test", "{F478A394-CB69-41BA-9F80-3A0C79230A1A}"
EndProject
Global
	GlobalSection(SolutionConfigurationPlatforms) = preSolution
		Debug|Any CPU = Debug|Any CPU
		Release|Any CPU = Release|Any CPU
	EndGlobalSection
	GlobalSection(ProjectConfigurationPlatforms) = postSolution
		{BC6A8607-F6B3-495E-A21A-F92E620BABD8}.Debug|Any CPU.ActiveCfg = Debug|Any CPU
		{BC6A8607-F6B3-495E-A21A-F92E620BABD8}.Debug|Any CPU.Build.0 = Debug|Any CPU
		{BC6A8607-F6B3-495E-A21A-F92E620BABD8}.Release|Any CPU.ActiveCfg = Release|Any CPU
		{BC6A8607-F6B3-495E-A21A-F92E620BABD8}.Release|Any CPU.Build.0 = Release|Any CPU
		{F01196A4-4ECA-42D0-B745-81B43BC20B73}.Debug|Any CPU.ActiveCfg = Debug|Any CPU
		{F01196A4-4ECA-42D0-B745-81B43BC20B73}.Debug|Any CPU.Build.0 = Debug|Any CPU
		{F01196A4-4ECA-42D0-B745-81B43BC20B73}.Release|Any CPU.ActiveCfg = Release|Any CPU
		{F01196A4-4ECA-42D0-B745-81B43BC20B73}.Release|Any CPU.Build.0 = Release|Any CPU
	EndGlobalSection
	GlobalSection(SolutionProperties) = preSolution
		HideSolutionNode = FALSE
	EndGlobalSection
	GlobalSection(NestedProjects) = preSolution
		{F01196A4-4ECA-42D0-B745-81B43BC20B73} = {678327DC-59FF-49C4-99A8-8A186DF17F17}
		{BC6A8607-F6B3-495E-A21A-F92E620BABD8} = {678327DC-59FF-49C4-99A8-8A186DF17F17}
	EndGlobalSection
EndGlobal
