
Microsoft Visual Studio Solution File, Format Version 12.00
# Visual Studio 2012
Project("{FAE04EC0-301F-11D3-BF4B-00C04F79EFBC}") = "NGnono.FinancialManagement.WebSite4Mobile", "NGnono.FinancialManagement.WebSite4Mobile\NGnono.FinancialManagement.WebSite4Mobile.csproj", "{F658AAB0-D136-4CD7-8E50-33589195A2CF}"
EndProject
Project("{FAE04EC0-301F-11D3-BF4B-00C04F79EFBC}") = "NGnono.FinancialManagement.WebSiteCore", "NGnono.FinancialManagement.WebSiteCore\NGnono.FinancialManagement.WebSiteCore.csproj", "{A85EDB8F-2266-4B5F-9AD5-C84617C54152}"
EndProject
Project("{2150E333-8FDC-42A3-9474-1A3956D46DE8}") = "App", "App", "{C490BEA0-BA92-4076-A50B-67E33FDC9D4B}"
EndProject
Project("{2150E333-8FDC-42A3-9474-1A3956D46DE8}") = "Web", "Web", "{445E0F59-4655-4BDB-8EFC-E9C9B1D30CAE}"
EndProject
Project("{2150E333-8FDC-42A3-9474-1A3956D46DE8}") = "WebSite", "WebSite", "{C0332351-2DC6-48EE-B2F1-7B008FC52FD5}"
EndProject
Project("{FAE04EC0-301F-11D3-BF4B-00C04F79EFBC}") = "NGnono.FinancialManagement.WebSupport", "NGnono.FinancialManagement.WebSupport\NGnono.FinancialManagement.WebSupport.csproj", "{30143EBE-7EEB-4F20-8DA5-2E05984D5DD8}"
EndProject
Project("{2150E333-8FDC-42A3-9474-1A3956D46DE8}") = "sln", "sln", "{0A4D9788-44EB-49D1-B05C-01CF126E68CE}"
EndProject
Project("{FAE04EC0-301F-11D3-BF4B-00C04F79EFBC}") = "Test", "Test\Test.csproj", "{80EE2537-C9A4-49EE-9DBF-A4F4EC1C1F5D}"
EndProject
Project("{2150E333-8FDC-42A3-9474-1A3956D46DE8}") = "Data", "Data", "{A08439CD-F4A5-4847-BA1C-D9D4B03F6532}"
EndProject
Project("{2150E333-8FDC-42A3-9474-1A3956D46DE8}") = "Domain", "Domain", "{038D81CC-C8D1-443E-B749-3DAA218901EB}"
EndProject
Project("{FAE04EC0-301F-11D3-BF4B-00C04F79EFBC}") = "NGnono.FinancialManagement.Repository", "NGnono.FinancialManagement.Repository\NGnono.FinancialManagement.Repository.csproj", "{A425D642-CC1F-406D-8F7A-4609A8D58BB4}"
EndProject
Project("{FAE04EC0-301F-11D3-BF4B-00C04F79EFBC}") = "NGnono.FinancialManagement.Data", "NGnono.FinancialManagement.Data\NGnono.FinancialManagement.Data.csproj", "{55CCBA5F-4A1C-40BD-ACD7-0944E6BBB59B}"
EndProject
Global
	GlobalSection(SolutionConfigurationPlatforms) = preSolution
		Debug|Any CPU = Debug|Any CPU
		Release|Any CPU = Release|Any CPU
	EndGlobalSection
	GlobalSection(ProjectConfigurationPlatforms) = postSolution
		{F658AAB0-D136-4CD7-8E50-33589195A2CF}.Debug|Any CPU.ActiveCfg = Debug|Any CPU
		{F658AAB0-D136-4CD7-8E50-33589195A2CF}.Debug|Any CPU.Build.0 = Debug|Any CPU
		{F658AAB0-D136-4CD7-8E50-33589195A2CF}.Release|Any CPU.ActiveCfg = Release|Any CPU
		{F658AAB0-D136-4CD7-8E50-33589195A2CF}.Release|Any CPU.Build.0 = Release|Any CPU
		{A85EDB8F-2266-4B5F-9AD5-C84617C54152}.Debug|Any CPU.ActiveCfg = Debug|Any CPU
		{A85EDB8F-2266-4B5F-9AD5-C84617C54152}.Debug|Any CPU.Build.0 = Debug|Any CPU
		{A85EDB8F-2266-4B5F-9AD5-C84617C54152}.Release|Any CPU.ActiveCfg = Release|Any CPU
		{A85EDB8F-2266-4B5F-9AD5-C84617C54152}.Release|Any CPU.Build.0 = Release|Any CPU
		{30143EBE-7EEB-4F20-8DA5-2E05984D5DD8}.Debug|Any CPU.ActiveCfg = Debug|Any CPU
		{30143EBE-7EEB-4F20-8DA5-2E05984D5DD8}.Debug|Any CPU.Build.0 = Debug|Any CPU
		{30143EBE-7EEB-4F20-8DA5-2E05984D5DD8}.Release|Any CPU.ActiveCfg = Release|Any CPU
		{30143EBE-7EEB-4F20-8DA5-2E05984D5DD8}.Release|Any CPU.Build.0 = Release|Any CPU
		{80EE2537-C9A4-49EE-9DBF-A4F4EC1C1F5D}.Debug|Any CPU.ActiveCfg = Debug|Any CPU
		{80EE2537-C9A4-49EE-9DBF-A4F4EC1C1F5D}.Debug|Any CPU.Build.0 = Debug|Any CPU
		{80EE2537-C9A4-49EE-9DBF-A4F4EC1C1F5D}.Release|Any CPU.ActiveCfg = Release|Any CPU
		{80EE2537-C9A4-49EE-9DBF-A4F4EC1C1F5D}.Release|Any CPU.Build.0 = Release|Any CPU
		{A425D642-CC1F-406D-8F7A-4609A8D58BB4}.Debug|Any CPU.ActiveCfg = Debug|Any CPU
		{A425D642-CC1F-406D-8F7A-4609A8D58BB4}.Debug|Any CPU.Build.0 = Debug|Any CPU
		{A425D642-CC1F-406D-8F7A-4609A8D58BB4}.Release|Any CPU.ActiveCfg = Release|Any CPU
		{A425D642-CC1F-406D-8F7A-4609A8D58BB4}.Release|Any CPU.Build.0 = Release|Any CPU
		{55CCBA5F-4A1C-40BD-ACD7-0944E6BBB59B}.Debug|Any CPU.ActiveCfg = Debug|Any CPU
		{55CCBA5F-4A1C-40BD-ACD7-0944E6BBB59B}.Debug|Any CPU.Build.0 = Debug|Any CPU
		{55CCBA5F-4A1C-40BD-ACD7-0944E6BBB59B}.Release|Any CPU.ActiveCfg = Release|Any CPU
		{55CCBA5F-4A1C-40BD-ACD7-0944E6BBB59B}.Release|Any CPU.Build.0 = Release|Any CPU
	EndGlobalSection
	GlobalSection(SolutionProperties) = preSolution
		HideSolutionNode = FALSE
	EndGlobalSection
	GlobalSection(NestedProjects) = preSolution
		{C0332351-2DC6-48EE-B2F1-7B008FC52FD5} = {445E0F59-4655-4BDB-8EFC-E9C9B1D30CAE}
		{30143EBE-7EEB-4F20-8DA5-2E05984D5DD8} = {445E0F59-4655-4BDB-8EFC-E9C9B1D30CAE}
		{F658AAB0-D136-4CD7-8E50-33589195A2CF} = {C0332351-2DC6-48EE-B2F1-7B008FC52FD5}
		{A85EDB8F-2266-4B5F-9AD5-C84617C54152} = {C0332351-2DC6-48EE-B2F1-7B008FC52FD5}
		{80EE2537-C9A4-49EE-9DBF-A4F4EC1C1F5D} = {C0332351-2DC6-48EE-B2F1-7B008FC52FD5}
		{55CCBA5F-4A1C-40BD-ACD7-0944E6BBB59B} = {A08439CD-F4A5-4847-BA1C-D9D4B03F6532}
		{A425D642-CC1F-406D-8F7A-4609A8D58BB4} = {038D81CC-C8D1-443E-B749-3DAA218901EB}
	EndGlobalSection
EndGlobal
