
Microsoft Visual Studio Solution File, Format Version 12.00
# Visual Studio 2012
Project("{FAE04EC0-301F-11D3-BF4B-00C04F79EFBC}") = "NGnono.FinancialManagement.WebSite4Mobile", "NGnono.FinancialManagement.WebSite4Mobile\NGnono.FinancialManagement.WebSite4Mobile.csproj", "{F658AAB0-D136-4CD7-8E50-33589195A2CF}"
EndProject
Project("{FAE04EC0-301F-11D3-BF4B-00C04F79EFBC}") = "NGnono.FinancialManagement.WebSiteCore", "NGnono.FinancialManagement.WebSiteCore\NGnono.FinancialManagement.WebSiteCore.csproj", "{A85EDB8F-2266-4B5F-9AD5-C84617C54152}"
EndProject
Project("{2150E333-8FDC-42A3-9474-1A3956D46DE8}") = "Web", "Web", "{445E0F59-4655-4BDB-8EFC-E9C9B1D30CAE}"
EndProject
Project("{2150E333-8FDC-42A3-9474-1A3956D46DE8}") = "WebSite", "WebSite", "{C0332351-2DC6-48EE-B2F1-7B008FC52FD5}"
EndProject
Project("{FAE04EC0-301F-11D3-BF4B-00C04F79EFBC}") = "Test", "Test\Test.csproj", "{80EE2537-C9A4-49EE-9DBF-A4F4EC1C1F5D}"
EndProject
Global
	GlobalSection(SolutionConfigurationPlatforms) = preSolution
		Debug|Any CPU = Debug|Any CPU
		Release|Any CPU = Release|Any CPU
	EndGlobalSection
	GlobalSection(ProjectConfigurationPlatforms) = postSolution
		{F658AAB0-D136-4CD7-8E50-33589195A2CF}.Debug|Any CPU.ActiveCfg = Debug|Any CPU
		{F658AAB0-D136-4CD7-8E50-33589195A2CF}.Debug|Any CPU.Build.0 = Debug|Any CPU
		{F658AAB0-D136-4CD7-8E50-33589195A2CF}.Release|Any CPU.ActiveCfg = Release|Any CPU
		{F658AAB0-D136-4CD7-8E50-33589195A2CF}.Release|Any CPU.Build.0 = Release|Any CPU
		{A85EDB8F-2266-4B5F-9AD5-C84617C54152}.Debug|Any CPU.ActiveCfg = Debug|Any CPU
		{A85EDB8F-2266-4B5F-9AD5-C84617C54152}.Debug|Any CPU.Build.0 = Debug|Any CPU
		{A85EDB8F-2266-4B5F-9AD5-C84617C54152}.Release|Any CPU.ActiveCfg = Release|Any CPU
		{A85EDB8F-2266-4B5F-9AD5-C84617C54152}.Release|Any CPU.Build.0 = Release|Any CPU
		{80EE2537-C9A4-49EE-9DBF-A4F4EC1C1F5D}.Debug|Any CPU.ActiveCfg = Debug|Any CPU
		{80EE2537-C9A4-49EE-9DBF-A4F4EC1C1F5D}.Debug|Any CPU.Build.0 = Debug|Any CPU
		{80EE2537-C9A4-49EE-9DBF-A4F4EC1C1F5D}.Release|Any CPU.ActiveCfg = Release|Any CPU
		{80EE2537-C9A4-49EE-9DBF-A4F4EC1C1F5D}.Release|Any CPU.Build.0 = Release|Any CPU
	EndGlobalSection
	GlobalSection(SolutionProperties) = preSolution
		HideSolutionNode = FALSE
	EndGlobalSection
	GlobalSection(NestedProjects) = preSolution
		{C0332351-2DC6-48EE-B2F1-7B008FC52FD5} = {445E0F59-4655-4BDB-8EFC-E9C9B1D30CAE}
		{F658AAB0-D136-4CD7-8E50-33589195A2CF} = {C0332351-2DC6-48EE-B2F1-7B008FC52FD5}
		{A85EDB8F-2266-4B5F-9AD5-C84617C54152} = {C0332351-2DC6-48EE-B2F1-7B008FC52FD5}
		{80EE2537-C9A4-49EE-9DBF-A4F4EC1C1F5D} = {C0332351-2DC6-48EE-B2F1-7B008FC52FD5}
	EndGlobalSection
EndGlobal
